
Microsoft Visual Studio Solution File, Format Version 12.00
# Visual Studio Version 16
VisualStudioVersion = 16.0.30621.155
MinimumVisualStudioVersion = 10.0.40219.1
Project("{FAE04EC0-301F-11D3-BF4B-00C04F79EFBC}") = "WindowsFormsApp", "WindowsFormsApp\WindowsFormsApp.csproj", "{55B99FB4-35B1-4753-BD18-795FA94EDBED}"
EndProject
Project("{2150E333-8FDC-42A3-9474-1A3956D46DE8}") = "Business Layer", "Business Layer", "{EAC11CB2-61ED-443E-95BF-64B382397DB9}"
EndProject
Project("{2150E333-8FDC-42A3-9474-1A3956D46DE8}") = "Data Layer", "Data Layer", "{41BC6DF3-6EF4-4C9B-954E-636879C5087A}"
EndProject
Project("{2150E333-8FDC-42A3-9474-1A3956D46DE8}") = "Presentation Layer", "Presentation Layer", "{81DAB3A3-15DA-4583-891F-C8AFF7DF7D61}"
EndProject
Project("{2150E333-8FDC-42A3-9474-1A3956D46DE8}") = "Service Layer", "Service Layer", "{734077EF-F0C4-46DD-AACC-0B4DB06AFF41}"
EndProject
Global
	GlobalSection(SolutionConfigurationPlatforms) = preSolution
		Debug|Any CPU = Debug|Any CPU
		Release|Any CPU = Release|Any CPU
	EndGlobalSection
	GlobalSection(ProjectConfigurationPlatforms) = postSolution
		{55B99FB4-35B1-4753-BD18-795FA94EDBED}.Debug|Any CPU.ActiveCfg = Debug|Any CPU
		{55B99FB4-35B1-4753-BD18-795FA94EDBED}.Debug|Any CPU.Build.0 = Debug|Any CPU
		{55B99FB4-35B1-4753-BD18-795FA94EDBED}.Release|Any CPU.ActiveCfg = Release|Any CPU
		{55B99FB4-35B1-4753-BD18-795FA94EDBED}.Release|Any CPU.Build.0 = Release|Any CPU
	EndGlobalSection
	GlobalSection(SolutionProperties) = preSolution
		HideSolutionNode = FALSE
	EndGlobalSection
	GlobalSection(ExtensibilityGlobals) = postSolution
		SolutionGuid = {08F70FFE-F545-497E-8400-1CA91A444787}
	EndGlobalSection
EndGlobal
